
Microsoft Visual Studio Solution File, Format Version 12.00
# Visual Studio Version 17
VisualStudioVersion = 17.3.32819.101
MinimumVisualStudioVersion = 10.0.40219.1
Project("{FAE04EC0-301F-11D3-BF4B-00C04F79EFBC}") = "programmingExercises", "programmingExercises.csproj", "{65073ACF-C4DB-4748-85D2-89F74D962189}"
EndProject
Global
	GlobalSection(SolutionConfigurationPlatforms) = preSolution
		Debug|Any CPU = Debug|Any CPU
		Release|Any CPU = Release|Any CPU
	EndGlobalSection
	GlobalSection(ProjectConfigurationPlatforms) = postSolution
		{65073ACF-C4DB-4748-85D2-89F74D962189}.Debug|Any CPU.ActiveCfg = Debug|Any CPU
		{65073ACF-C4DB-4748-85D2-89F74D962189}.Debug|Any CPU.Build.0 = Debug|Any CPU
		{65073ACF-C4DB-4748-85D2-89F74D962189}.Release|Any CPU.ActiveCfg = Release|Any CPU
		{65073ACF-C4DB-4748-85D2-89F74D962189}.Release|Any CPU.Build.0 = Release|Any CPU
	EndGlobalSection
	GlobalSection(SolutionProperties) = preSolution
		HideSolutionNode = FALSE
	EndGlobalSection
	GlobalSection(ExtensibilityGlobals) = postSolution
		SolutionGuid = {31D35889-CD83-45FB-AAE2-33B0E21F66B4}
	EndGlobalSection
EndGlobal
